{
  "nodes": {
    "home-manager": {
      "inputs": {
        "nixpkgs": [
          "nixpkgs"
        ]
      },
      "locked": {
        "lastModified": 1706080884,
        "narHash": "sha256-qhxisCrSraN5YWVb0lNCFH8ovqnCw5W9ldac4Dzr0Nw=",
        "owner": "nix-community",
        "repo": "home-manager",
        "rev": "6b28ab2d798c1c84e24053d95f4ee1dd9d81e2fb",
        "type": "github"
      },
      "original": {
        "owner": "nix-community",
        "repo": "home-manager",
        "type": "github"
      }
    },
    "nixpkgs": {
      "locked": {
        "lastModified": 1705913940,
        "narHash": "sha256-pjSl/1cwYczhSSudR6z0JA/8MclZx/ztzTahvOzwPPw=",
        "owner": "nixos",
        "repo": "nixpkgs",
        "rev": "9ed792777ae7967fee22dae2e88fdb6cb965b193",
        "type": "github"
      },
      "original": {
        "owner": "nixos",
        "ref": "nixpkgs-unstable",
        "repo": "nixpkgs",
        "type": "github"
      }
    },
    "root": {
      "inputs": {
        "home-manager": "home-manager",
        "nixpkgs": "nixpkgs"
      }
    }
  },
  "root": "root",
  "version": 7
}
